
Microsoft Visual Studio Solution File, Format Version 12.00
# Visual Studio Version 17
VisualStudioVersion = 17.7.34031.279
MinimumVisualStudioVersion = 10.0.40219.1
Project("{FAE04EC0-301F-11D3-BF4B-00C04F79EFBC}") = "TcpClient", "TcpClient\TcpClient.csproj", "{E718AE55-EEB5-4EB6-8801-54BAB6260138}"
EndProject
Project("{FAE04EC0-301F-11D3-BF4B-00C04F79EFBC}") = "TcpServer", "TcpServerSingle\TcpServer.csproj", "{48E21B57-653C-495B-B29E-759DB69A6164}"
EndProject
Global
	GlobalSection(SolutionConfigurationPlatforms) = preSolution
		Debug|Any CPU = Debug|Any CPU
		Release|Any CPU = Release|Any CPU
	EndGlobalSection
	GlobalSection(ProjectConfigurationPlatforms) = postSolution
		{E718AE55-EEB5-4EB6-8801-54BAB6260138}.Debug|Any CPU.ActiveCfg = Debug|Any CPU
		{E718AE55-EEB5-4EB6-8801-54BAB6260138}.Debug|Any CPU.Build.0 = Debug|Any CPU
		{E718AE55-EEB5-4EB6-8801-54BAB6260138}.Release|Any CPU.ActiveCfg = Release|Any CPU
		{E718AE55-EEB5-4EB6-8801-54BAB6260138}.Release|Any CPU.Build.0 = Release|Any CPU
		{48E21B57-653C-495B-B29E-759DB69A6164}.Debug|Any CPU.ActiveCfg = Debug|Any CPU
		{48E21B57-653C-495B-B29E-759DB69A6164}.Debug|Any CPU.Build.0 = Debug|Any CPU
		{48E21B57-653C-495B-B29E-759DB69A6164}.Release|Any CPU.ActiveCfg = Release|Any CPU
		{48E21B57-653C-495B-B29E-759DB69A6164}.Release|Any CPU.Build.0 = Release|Any CPU
	EndGlobalSection
	GlobalSection(SolutionProperties) = preSolution
		HideSolutionNode = FALSE
	EndGlobalSection
EndGlobal
